// !$*UTF8*$!
{
	archiveVersion = 1;
	classes = {
	};
	objectVersion = 51;
	objects = {

/* Begin PBXBuildFile section */
		1CEE6D1720D340126CBAF215 /* Pods_demo.framework in Frameworks */ = {isa = PBXBuildFile; fileRef = D045CA377933075DDA5D49A9 /* Pods_demo.framework */; };
		3353655E241A5B3E00EA1FD1 /* Main.storyboard in Resources */ = {isa = PBXBuildFile; fileRef = 3353655C241A5B3E00EA1FD1 /* Main.storyboard */; };
		33536563241A5B3F00EA1FD1 /* LaunchScreen.storyboard in Resources */ = {isa = PBXBuildFile; fileRef = 33536561241A5B3F00EA1FD1 /* LaunchScreen.storyboard */; };
		33536566241A5B3F00EA1FD1 /* main.m in Sources */ = {isa = PBXBuildFile; fileRef = 33536565241A5B3F00EA1FD1 /* main.m */; };
		335366B3241A5BB800EA1FD1 /* Assets.xcassets in Resources */ = {isa = PBXBuildFile; fileRef = 3353664A241A5BB700EA1FD1 /* Assets.xcassets */; };
		335366BC241A5BB800EA1FD1 /* AppDelegate.mm in Sources */ = {isa = PBXBuildFile; fileRef = 3353665D241A5BB800EA1FD1 /* AppDelegate.mm */; };
		748A4CBD29599D91001E1521 /* NetworkAccessibility.m in Sources */ = {isa = PBXBuildFile; fileRef = 748A4CBA29599D90001E1521 /* NetworkAccessibility.m */; };
		748A4CBE29599D91001E1521 /* NetworkTipsViewController.mm in Sources */ = {isa = PBXBuildFile; fileRef = 748A4CBC29599D91001E1521 /* NetworkTipsViewController.mm */; };
		C4A2EBFD29AEFE2F000E68EA /* MiniApp.bundle in Resources */ = {isa = PBXBuildFile; fileRef = C4A2EBFC29AEFE2F000E68EA /* MiniApp.bundle */; };
		CEB8388A2865E3DD00D1C23C /* RootViewController.mm in Sources */ = {isa = PBXBuildFile; fileRef = CEB838882865E3DD00D1C23C /* RootViewController.mm */; };
/* End PBXBuildFile section */

/* Begin PBXFileReference section */
		2037DEA4254A737500C47ABA /* DemoDebug.entitlements */ = {isa = PBXFileReference; lastKnownFileType = text.plist.entitlements; path = DemoDebug.entitlements; sourceTree = "<group>"; };
		2037F5312660E935005C443F /* WebKit.framework */ = {isa = PBXFileReference; lastKnownFileType = wrapper.framework; name = WebKit.framework; path = System/Library/Frameworks/WebKit.framework; sourceTree = SDKROOT; };
		209510852563909700B46894 /* CoreBluetooth.framework */ = {isa = PBXFileReference; lastKnownFileType = wrapper.framework; name = CoreBluetooth.framework; path = System/Library/Frameworks/CoreBluetooth.framework; sourceTree = SDKROOT; };
		33536550241A5B3E00EA1FD1 /* demo.app */ = {isa = PBXFileReference; explicitFileType = wrapper.application; includeInIndex = 0; path = demo.app; sourceTree = BUILT_PRODUCTS_DIR; };
		33536553241A5B3E00EA1FD1 /* AppDelegate.h */ = {isa = PBXFileReference; lastKnownFileType = sourcecode.c.h; path = AppDelegate.h; sourceTree = "<group>"; };
		3353655D241A5B3E00EA1FD1 /* Base */ = {isa = PBXFileReference; lastKnownFileType = file.storyboard; name = Base; path = Base.lproj/Main.storyboard; sourceTree = "<group>"; };
		33536562241A5B3F00EA1FD1 /* Base */ = {isa = PBXFileReference; lastKnownFileType = file.storyboard; name = Base; path = Base.lproj/LaunchScreen.storyboard; sourceTree = "<group>"; };
		33536564241A5B3F00EA1FD1 /* Info.plist */ = {isa = PBXFileReference; lastKnownFileType = text.plist.xml; path = Info.plist; sourceTree = "<group>"; };
		33536565241A5B3F00EA1FD1 /* main.m */ = {isa = PBXFileReference; lastKnownFileType = sourcecode.c.objc; path = main.m; sourceTree = "<group>"; };
		3353664A241A5BB700EA1FD1 /* Assets.xcassets */ = {isa = PBXFileReference; lastKnownFileType = folder.assetcatalog; path = Assets.xcassets; sourceTree = "<group>"; };
		3353665D241A5BB800EA1FD1 /* AppDelegate.mm */ = {isa = PBXFileReference; fileEncoding = 4; lastKnownFileType = sourcecode.cpp.objcpp; path = AppDelegate.mm; sourceTree = "<group>"; };
		33E7CD40242108C8009BCCEB /* Demo_Prefix.pch */ = {isa = PBXFileReference; fileEncoding = 4; lastKnownFileType = sourcecode.c.h; path = Demo_Prefix.pch; sourceTree = SOURCE_ROOT; };
		419A42D989D574E96339AF29 /* Pods-demo.debug.xcconfig */ = {isa = PBXFileReference; includeInIndex = 1; lastKnownFileType = text.xcconfig; name = "Pods-demo.debug.xcconfig"; path = "Target Support Files/Pods-demo/Pods-demo.debug.xcconfig"; sourceTree = "<group>"; };
		748A4CB929599D90001E1521 /* NetworkAccessibility.h */ = {isa = PBXFileReference; fileEncoding = 4; lastKnownFileType = sourcecode.c.h; path = NetworkAccessibility.h; sourceTree = "<group>"; };
		748A4CBA29599D90001E1521 /* NetworkAccessibility.m */ = {isa = PBXFileReference; fileEncoding = 4; lastKnownFileType = sourcecode.c.objc; path = NetworkAccessibility.m; sourceTree = "<group>"; };
		748A4CBB29599D91001E1521 /* NetworkTipsViewController.h */ = {isa = PBXFileReference; fileEncoding = 4; lastKnownFileType = sourcecode.c.h; path = NetworkTipsViewController.h; sourceTree = "<group>"; };
		748A4CBC29599D91001E1521 /* NetworkTipsViewController.mm */ = {isa = PBXFileReference; fileEncoding = 4; lastKnownFileType = sourcecode.cpp.objcpp; path = NetworkTipsViewController.mm; sourceTree = "<group>"; };
		C469485D28F83CC500B74AD5 /* CommonDefine.h */ = {isa = PBXFileReference; fileEncoding = 4; lastKnownFileType = sourcecode.c.h; path = CommonDefine.h; sourceTree = "<group>"; };
		C4A2EBFC29AEFE2F000E68EA /* MiniApp.bundle */ = {isa = PBXFileReference; lastKnownFileType = "wrapper.plug-in"; path = MiniApp.bundle; sourceTree = "<group>"; };
		CEB838882865E3DD00D1C23C /* RootViewController.mm */ = {isa = PBXFileReference; fileEncoding = 4; lastKnownFileType = sourcecode.cpp.objcpp; path = RootViewController.mm; sourceTree = "<group>"; };
		CEB838892865E3DD00D1C23C /* RootViewController.h */ = {isa = PBXFileReference; fileEncoding = 4; lastKnownFileType = sourcecode.c.h; path = RootViewController.h; sourceTree = "<group>"; };
		D045CA377933075DDA5D49A9 /* Pods_demo.framework */ = {isa = PBXFileReference; explicitFileType = wrapper.framework; includeInIndex = 0; path = Pods_demo.framework; sourceTree = BUILT_PRODUCTS_DIR; };
		D157E7F6AC1D84478DCF7C6D /* Pods-demo.release.xcconfig */ = {isa = PBXFileReference; includeInIndex = 1; lastKnownFileType = text.xcconfig; name = "Pods-demo.release.xcconfig"; path = "Target Support Files/Pods-demo/Pods-demo.release.xcconfig"; sourceTree = "<group>"; };
/* End PBXFileReference section */

/* Begin PBXFrameworksBuildPhase section */
		6C67E4A7C48D6F23A1B26BA0 /* Frameworks */ = {
			isa = PBXFrameworksBuildPhase;
			buildActionMask = 2147483647;
			files = (
				1CEE6D1720D340126CBAF215 /* Pods_demo.framework in Frameworks */,
			);
			runOnlyForDeploymentPostprocessing = 0;
		};
/* End PBXFrameworksBuildPhase section */

/* Begin PBXGroup section */
		33536547241A5B3E00EA1FD1 = {
			isa = PBXGroup;
			children = (
				33536552241A5B3E00EA1FD1 /* demo */,
				33536551241A5B3E00EA1FD1 /* Products */,
				335366CD241A5CD100EA1FD1 /* Frameworks */,
				A48FCCC6C095B8CC9BE9A7E3 /* Pods */,
			);
			sourceTree = "<group>";
		};
		33536551241A5B3E00EA1FD1 /* Products */ = {
			isa = PBXGroup;
			children = (
				33536550241A5B3E00EA1FD1 /* demo.app */,
			);
			name = Products;
			sourceTree = "<group>";
		};
		33536552241A5B3E00EA1FD1 /* demo */ = {
			isa = PBXGroup;
			children = (
				748A4CB929599D90001E1521 /* NetworkAccessibility.h */,
				748A4CBA29599D90001E1521 /* NetworkAccessibility.m */,
				748A4CBB29599D91001E1521 /* NetworkTipsViewController.h */,
				748A4CBC29599D91001E1521 /* NetworkTipsViewController.mm */,
				C469485D28F83CC500B74AD5 /* CommonDefine.h */,
				C4A2EBFB29AEFE2F000E68EA /* Kernel */,
				CEB838892865E3DD00D1C23C /* RootViewController.h */,
				CEB838882865E3DD00D1C23C /* RootViewController.mm */,
				2037DEA4254A737500C47ABA /* DemoDebug.entitlements */,
				33E7CDD62421DD69009BCCEB /* Resources */,
				33536553241A5B3E00EA1FD1 /* AppDelegate.h */,
				3353665D241A5BB800EA1FD1 /* AppDelegate.mm */,
				33E7CD40242108C8009BCCEB /* Demo_Prefix.pch */,
				3353655C241A5B3E00EA1FD1 /* Main.storyboard */,
				33536561241A5B3F00EA1FD1 /* LaunchScreen.storyboard */,
				33536564241A5B3F00EA1FD1 /* Info.plist */,
				33536565241A5B3F00EA1FD1 /* main.m */,
			);
			path = demo;
			sourceTree = "<group>";
		};
		335366CD241A5CD100EA1FD1 /* Frameworks */ = {
			isa = PBXGroup;
			children = (
				2037F5312660E935005C443F /* WebKit.framework */,
				209510852563909700B46894 /* CoreBluetooth.framework */,
				D045CA377933075DDA5D49A9 /* Pods_demo.framework */,
			);
			name = Frameworks;
			sourceTree = "<group>";
		};
		33E7CDD62421DD69009BCCEB /* Resources */ = {
			isa = PBXGroup;
			children = (
				3353664A241A5BB700EA1FD1 /* Assets.xcassets */,
			);
			path = Resources;
			sourceTree = "<group>";
		};
		A48FCCC6C095B8CC9BE9A7E3 /* Pods */ = {
			isa = PBXGroup;
			children = (
				419A42D989D574E96339AF29 /* Pods-demo.debug.xcconfig */,
				D157E7F6AC1D84478DCF7C6D /* Pods-demo.release.xcconfig */,
			);
			path = Pods;
			sourceTree = "<group>";
		};
		C4A2EBFB29AEFE2F000E68EA /* Kernel */ = {
			isa = PBXGroup;
			children = (
				C4A2EBFC29AEFE2F000E68EA /* MiniApp.bundle */,
			);
			path = Kernel;
			sourceTree = "<group>";
		};
/* End PBXGroup section */

/* Begin PBXNativeTarget section */
		3353654F241A5B3E00EA1FD1 /* demo */ = {
			isa = PBXNativeTarget;
			buildConfigurationList = 3353657F241A5B3F00EA1FD1 /* Build configuration list for PBXNativeTarget "demo" */;
			buildPhases = (
				893A12B0A4858D218819BC5D /* [CP] Check Pods Manifest.lock */,
				3353654C241A5B3E00EA1FD1 /* Sources */,
				3353654E241A5B3E00EA1FD1 /* Resources */,
				6C67E4A7C48D6F23A1B26BA0 /* Frameworks */,
				C4694A5628FED84800B74AD5 /* Show Env In Build Log */,
				0DC6CB2464CE40BEAD39A738 /* [CP] Embed Pods Frameworks */,
				E18C0D1176639B4FB79A38F6 /* [CP] Copy Pods Resources */,
			);
			buildRules = (
			);
			dependencies = (
			);
			name = demo;
			productName = demo;
			productReference = 33536550241A5B3E00EA1FD1 /* demo.app */;
			productType = "com.apple.product-type.application";
		};
/* End PBXNativeTarget section */

/* Begin PBXProject section */
		33536548241A5B3E00EA1FD1 /* Project object */ = {
			isa = PBXProject;
			attributes = {
				LastUpgradeCheck = 1130;
				ORGANIZATIONNAME = Tencent;
				TargetAttributes = {
					3353654F241A5B3E00EA1FD1 = {
						CreatedOnToolsVersion = 11.3.1;
						LastSwiftMigration = 1130;
					};
				};
			};
			buildConfigurationList = 3353654B241A5B3E00EA1FD1 /* Build configuration list for PBXProject "demo" */;
			compatibilityVersion = "Xcode 9.3";
			developmentRegion = en;
			hasScannedForEncodings = 0;
			knownRegions = (
				en,
				Base,
				zh_CN,
				"zh-Hans",
			);
			mainGroup = 33536547241A5B3E00EA1FD1;
			productRefGroup = 33536551241A5B3E00EA1FD1 /* Products */;
			projectDirPath = "";
			projectRoot = "";
			targets = (
				3353654F241A5B3E00EA1FD1 /* demo */,
			);
		};
/* End PBXProject section */

/* Begin PBXResourcesBuildPhase section */
		3353654E241A5B3E00EA1FD1 /* Resources */ = {
			isa = PBXResourcesBuildPhase;
			buildActionMask = 2147483647;
			files = (
				C4A2EBFD29AEFE2F000E68EA /* MiniApp.bundle in Resources */,
				33536563241A5B3F00EA1FD1 /* LaunchScreen.storyboard in Resources */,
				335366B3241A5BB800EA1FD1 /* Assets.xcassets in Resources */,
				3353655E241A5B3E00EA1FD1 /* Main.storyboard in Resources */,
			);
			runOnlyForDeploymentPostprocessing = 0;
		};
/* End PBXResourcesBuildPhase section */

/* Begin PBXShellScriptBuildPhase section */
		0DC6CB2464CE40BEAD39A738 /* [CP] Embed Pods Frameworks */ = {
			isa = PBXShellScriptBuildPhase;
			buildActionMask = 2147483647;
			files = (
			);
			inputFileListPaths = (
				"${PODS_ROOT}/Target Support Files/Pods-demo/Pods-demo-frameworks-${CONFIGURATION}-input-files.xcfilelist",
			);
			name = "[CP] Embed Pods Frameworks";
			outputFileListPaths = (
				"${PODS_ROOT}/Target Support Files/Pods-demo/Pods-demo-frameworks-${CONFIGURATION}-output-files.xcfilelist",
			);
			runOnlyForDeploymentPostprocessing = 0;
			shellPath = /bin/sh;
			shellScript = "\"${PODS_ROOT}/Target Support Files/Pods-demo/Pods-demo-frameworks.sh\"\n";
			showEnvVarsInLog = 0;
		};
		893A12B0A4858D218819BC5D /* [CP] Check Pods Manifest.lock */ = {
			isa = PBXShellScriptBuildPhase;
			buildActionMask = 2147483647;
			files = (
			);
			inputFileListPaths = (
			);
			inputPaths = (
				"${PODS_PODFILE_DIR_PATH}/Podfile.lock",
				"${PODS_ROOT}/Manifest.lock",
			);
			name = "[CP] Check Pods Manifest.lock";
			outputFileListPaths = (
			);
			outputPaths = (
				"$(DERIVED_FILE_DIR)/Pods-demo-checkManifestLockResult.txt",
			);
			runOnlyForDeploymentPostprocessing = 0;
			shellPath = /bin/sh;
			shellScript = "diff \"${PODS_PODFILE_DIR_PATH}/Podfile.lock\" \"${PODS_ROOT}/Manifest.lock\" > /dev/null\nif [ $? != 0 ] ; then\n    # print error to STDERR\n    echo \"error: The sandbox is not in sync with the Podfile.lock. Run 'pod install' or update your CocoaPods installation.\" >&2\n    exit 1\nfi\n# This output is used by Xcode 'outputs' to avoid re-running this script phase.\necho \"SUCCESS\" > \"${SCRIPT_OUTPUT_FILE_0}\"\n";
			showEnvVarsInLog = 0;
		};
		C4694A5628FED84800B74AD5 /* Show Env In Build Log */ = {
			isa = PBXShellScriptBuildPhase;
			buildActionMask = 2147483647;
			files = (
			);
			inputFileListPaths = (
			);
			inputPaths = (
			);
			name = "Show Env In Build Log";
			outputFileListPaths = (
			);
			outputPaths = (
			);
			runOnlyForDeploymentPostprocessing = 0;
			shellPath = /bin/sh;
			shellScript = "# Type a script or drag a script file from your workspace to insert its path.\n";
		};
		E18C0D1176639B4FB79A38F6 /* [CP] Copy Pods Resources */ = {
			isa = PBXShellScriptBuildPhase;
			buildActionMask = 2147483647;
			files = (
			);
			inputFileListPaths = (
				"${PODS_ROOT}/Target Support Files/Pods-demo/Pods-demo-resources-${CONFIGURATION}-input-files.xcfilelist",
			);
			name = "[CP] Copy Pods Resources";
			outputFileListPaths = (
				"${PODS_ROOT}/Target Support Files/Pods-demo/Pods-demo-resources-${CONFIGURATION}-output-files.xcfilelist",
			);
			runOnlyForDeploymentPostprocessing = 0;
			shellPath = /bin/sh;
			shellScript = "\"${PODS_ROOT}/Target Support Files/Pods-demo/Pods-demo-resources.sh\"\n";
			showEnvVarsInLog = 0;
		};
/* End PBXShellScriptBuildPhase section */

/* Begin PBXSourcesBuildPhase section */
		3353654C241A5B3E00EA1FD1 /* Sources */ = {
			isa = PBXSourcesBuildPhase;
			buildActionMask = 2147483647;
			files = (
				CEB8388A2865E3DD00D1C23C /* RootViewController.mm in Sources */,
				335366BC241A5BB800EA1FD1 /* AppDelegate.mm in Sources */,
				748A4CBE29599D91001E1521 /* NetworkTipsViewController.mm in Sources */,
				33536566241A5B3F00EA1FD1 /* main.m in Sources */,
				748A4CBD29599D91001E1521 /* NetworkAccessibility.m in Sources */,
			);
			runOnlyForDeploymentPostprocessing = 0;
		};
/* End PBXSourcesBuildPhase section */

/* Begin PBXVariantGroup section */
		3353655C241A5B3E00EA1FD1 /* Main.storyboard */ = {
			isa = PBXVariantGroup;
			children = (
				3353655D241A5B3E00EA1FD1 /* Base */,
			);
			name = Main.storyboard;
			sourceTree = "<group>";
		};
		33536561241A5B3F00EA1FD1 /* LaunchScreen.storyboard */ = {
			isa = PBXVariantGroup;
			children = (
				33536562241A5B3F00EA1FD1 /* Base */,
			);
			name = LaunchScreen.storyboard;
			sourceTree = "<group>";
		};
/* End PBXVariantGroup section */

/* Begin XCBuildConfiguration section */
		3353657D241A5B3F00EA1FD1 /* Debug */ = {
			isa = XCBuildConfiguration;
			buildSettings = {
				ALWAYS_SEARCH_USER_PATHS = NO;
				CLANG_ANALYZER_NONNULL = YES;
				CLANG_ANALYZER_NUMBER_OBJECT_CONVERSION = YES_AGGRESSIVE;
				CLANG_CXX_LANGUAGE_STANDARD = "gnu++14";
				CLANG_CXX_LIBRARY = "libc++";
				CLANG_ENABLE_MODULES = YES;
				CLANG_ENABLE_OBJC_ARC = YES;
				CLANG_ENABLE_OBJC_WEAK = YES;
				CLANG_WARN_BLOCK_CAPTURE_AUTORELEASING = YES;
				CLANG_WARN_BOOL_CONVERSION = YES;
				CLANG_WARN_COMMA = YES;
				CLANG_WARN_CONSTANT_CONVERSION = YES;
				CLANG_WARN_DEPRECATED_OBJC_IMPLEMENTATIONS = YES;
				CLANG_WARN_DIRECT_OBJC_ISA_USAGE = YES_ERROR;
				CLANG_WARN_DOCUMENTATION_COMMENTS = YES;
				CLANG_WARN_EMPTY_BODY = YES;
				CLANG_WARN_ENUM_CONVERSION = YES;
				CLANG_WARN_INFINITE_RECURSION = YES;
				CLANG_WARN_INT_CONVERSION = YES;
				CLANG_WARN_NON_LITERAL_NULL_CONVERSION = YES;
				CLANG_WARN_OBJC_IMPLICIT_RETAIN_SELF = YES;
				CLANG_WARN_OBJC_LITERAL_CONVERSION = YES;
				CLANG_WARN_OBJC_ROOT_CLASS = YES_ERROR;
				CLANG_WARN_RANGE_LOOP_ANALYSIS = YES;
				CLANG_WARN_STRICT_PROTOTYPES = YES;
				CLANG_WARN_SUSPICIOUS_MOVE = YES;
				CLANG_WARN_UNGUARDED_AVAILABILITY = YES_AGGRESSIVE;
				CLANG_WARN_UNREACHABLE_CODE = YES;
				CLANG_WARN__DUPLICATE_METHOD_MATCH = YES;
				CODE_SIGN_IDENTITY = "iPhone Developer";
				COPY_PHASE_STRIP = NO;
				DEBUG_INFORMATION_FORMAT = dwarf;
				ENABLE_STRICT_OBJC_MSGSEND = YES;
				ENABLE_TESTABILITY = YES;
				FRAMEWORK_SEARCH_PATHS = (
					"$(SRCROOT)",
					"$(PROJECT_DIR)",
				);
				GCC_C_LANGUAGE_STANDARD = gnu11;
				GCC_DYNAMIC_NO_PIC = NO;
				GCC_NO_COMMON_BLOCKS = YES;
				GCC_OPTIMIZATION_LEVEL = 0;
				GCC_PREPROCESSOR_DEFINITIONS = (
					"DEBUG=1",
					"$(inherited)",
				);
				GCC_WARN_64_TO_32_BIT_CONVERSION = YES;
				GCC_WARN_ABOUT_RETURN_TYPE = YES_ERROR;
				GCC_WARN_UNDECLARED_SELECTOR = YES;
				GCC_WARN_UNINITIALIZED_AUTOS = YES_AGGRESSIVE;
				GCC_WARN_UNUSED_FUNCTION = YES;
				GCC_WARN_UNUSED_VARIABLE = YES;
				IPHONEOS_DEPLOYMENT_TARGET = 9.3;
				MTL_ENABLE_DEBUG_INFO = INCLUDE_SOURCE;
				MTL_FAST_MATH = YES;
				ONLY_ACTIVE_ARCH = YES;
				OTHER_LDFLAGS = "";
				SDKROOT = iphoneos;
				VALID_ARCHS = arm64;
			};
			name = Debug;
		};
		3353657E241A5B3F00EA1FD1 /* Release */ = {
			isa = XCBuildConfiguration;
			buildSettings = {
				ALWAYS_SEARCH_USER_PATHS = NO;
				CLANG_ANALYZER_NONNULL = YES;
				CLANG_ANALYZER_NUMBER_OBJECT_CONVERSION = YES_AGGRESSIVE;
				CLANG_CXX_LANGUAGE_STANDARD = "gnu++14";
				CLANG_CXX_LIBRARY = "libc++";
				CLANG_ENABLE_MODULES = YES;
				CLANG_ENABLE_OBJC_ARC = YES;
				CLANG_ENABLE_OBJC_WEAK = YES;
				CLANG_WARN_BLOCK_CAPTURE_AUTORELEASING = YES;
				CLANG_WARN_BOOL_CONVERSION = YES;
				CLANG_WARN_COMMA = YES;
				CLANG_WARN_CONSTANT_CONVERSION = YES;
				CLANG_WARN_DEPRECATED_OBJC_IMPLEMENTATIONS = YES;
				CLANG_WARN_DIRECT_OBJC_ISA_USAGE = YES_ERROR;
				CLANG_WARN_DOCUMENTATION_COMMENTS = YES;
				CLANG_WARN_EMPTY_BODY = YES;
				CLANG_WARN_ENUM_CONVERSION = YES;
				CLANG_WARN_INFINITE_RECURSION = YES;
				CLANG_WARN_INT_CONVERSION = YES;
				CLANG_WARN_NON_LITERAL_NULL_CONVERSION = YES;
				CLANG_WARN_OBJC_IMPLICIT_RETAIN_SELF = YES;
				CLANG_WARN_OBJC_LITERAL_CONVERSION = YES;
				CLANG_WARN_OBJC_ROOT_CLASS = YES_ERROR;
				CLANG_WARN_RANGE_LOOP_ANALYSIS = YES;
				CLANG_WARN_STRICT_PROTOTYPES = YES;
				CLANG_WARN_SUSPICIOUS_MOVE = YES;
				CLANG_WARN_UNGUARDED_AVAILABILITY = YES_AGGRESSIVE;
				CLANG_WARN_UNREACHABLE_CODE = YES;
				CLANG_WARN__DUPLICATE_METHOD_MATCH = YES;
				CODE_SIGN_IDENTITY = "iPhone Developer";
				COPY_PHASE_STRIP = NO;
				DEBUG_INFORMATION_FORMAT = "dwarf-with-dsym";
				ENABLE_NS_ASSERTIONS = NO;
				ENABLE_STRICT_OBJC_MSGSEND = YES;
				ENABLE_TESTABILITY = YES;
				FRAMEWORK_SEARCH_PATHS = (
					"$(SRCROOT)",
					"$(PROJECT_DIR)",
				);
				GCC_C_LANGUAGE_STANDARD = gnu11;
				GCC_NO_COMMON_BLOCKS = YES;
				GCC_WARN_64_TO_32_BIT_CONVERSION = YES;
				GCC_WARN_ABOUT_RETURN_TYPE = YES_ERROR;
				GCC_WARN_UNDECLARED_SELECTOR = YES;
				GCC_WARN_UNINITIALIZED_AUTOS = YES_AGGRESSIVE;
				GCC_WARN_UNUSED_FUNCTION = YES;
				GCC_WARN_UNUSED_VARIABLE = YES;
				IPHONEOS_DEPLOYMENT_TARGET = 9.3;
				MTL_ENABLE_DEBUG_INFO = NO;
				MTL_FAST_MATH = YES;
				OTHER_LDFLAGS = "";
				SDKROOT = iphoneos;
				VALIDATE_PRODUCT = YES;
				VALID_ARCHS = arm64;
			};
			name = Release;
		};
		33536580241A5B3F00EA1FD1 /* Debug */ = {
			isa = XCBuildConfiguration;
			baseConfigurationReference = 419A42D989D574E96339AF29 /* Pods-demo.debug.xcconfig */;
			buildSettings = {
				ASSETCATALOG_COMPILER_APPICON_NAME = AppIcon;
				CLANG_CXX_LANGUAGE_STANDARD = "gnu++17";
				CLANG_ENABLE_MODULES = YES;
				CODE_SIGN_ENTITLEMENTS = demo/DemoDebug.entitlements;
				CODE_SIGN_IDENTITY = "Apple Development";
				CODE_SIGN_STYLE = Automatic;
				DEVELOPMENT_TEAM = D5ZVDUJRKG;
				ENABLE_BITCODE = NO;
				EXCLUDED_ARCHS = "";
				"EXCLUDED_ARCHS[sdk=iphonesimulator*]" = arm64;
				FRAMEWORK_SEARCH_PATHS = (
					"$(PROJECT_DIR)",
					"$(inherited)",
					"$(PROJECT_DIR)/demo/Libs",
				);
				GCC_PREFIX_HEADER = Demo_Prefix.pch;
				INFOPLIST_FILE = demo/Info.plist;
				IPHONEOS_DEPLOYMENT_TARGET = 10.0;
				LD_RUNPATH_SEARCH_PATHS = (
					"$(PROJECT_DIR)",
					"$(inherited)",
					"@executable_path/Frameworks",
					"@loader_path/Frameworks",
					/usr/lib/swift,
				);
				LIBRARY_SEARCH_PATHS = (
					"$(inherited)",
					"$(PROJECT_DIR)/demo/Libs",
				);
				OTHER_LDFLAGS = (
					"$(inherited)",
					"-ObjC",
					"-l\"bz2\"",
					"-l\"c++\"",
					"-l\"iconv\"",
					"-l\"icucore\"",
					"-l\"resolv\"",
					"-l\"xml2\"",
					"-l\"z\"",
					"-framework",
					"\"CoreBluetooth\"",
					"-framework",
					"\"CoreGraphics\"",
					"-framework",
					"\"Foundation\"",
					"-framework",
					"\"Security\"",
					"-framework",
					"\"UIKit\"",
					"-framework",
					"\"WebKit\"",
				);
				PRODUCT_BUNDLE_IDENTIFIER = "com.tencent.devtoolssaaademo.db";
				PRODUCT_NAME = "$(TARGET_NAME)";
				PROVISIONING_PROFILE_SPECIFIER = "";
				TARGETED_DEVICE_FAMILY = "1,2";
				VALIDATE_WORKSPACE = YES;
				VALID_ARCHS = "arm64 x86_64";
			};
			name = Debug;
		};
		33536581241A5B3F00EA1FD1 /* Release */ = {
			isa = XCBuildConfiguration;
			baseConfigurationReference = D157E7F6AC1D84478DCF7C6D /* Pods-demo.release.xcconfig */;
			buildSettings = {
				ASSETCATALOG_COMPILER_APPICON_NAME = AppIcon;
				CLANG_CXX_LANGUAGE_STANDARD = "gnu++17";
				CLANG_ENABLE_MODULES = YES;
				CODE_SIGN_ENTITLEMENTS = demo/Demo.entitlements;
				CODE_SIGN_IDENTITY = "Apple Development";
				CODE_SIGN_STYLE = Automatic;
				DEVELOPMENT_TEAM = D5ZVDUJRKG;
				ENABLE_BITCODE = NO;
				ENABLE_TESTABILITY = YES;
				EXCLUDED_ARCHS = "";
				"EXCLUDED_ARCHS[sdk=iphonesimulator*]" = arm64;
				FRAMEWORK_SEARCH_PATHS = (
					"$(PROJECT_DIR)",
					"$(inherited)",
					"$(PROJECT_DIR)/demo/Libs",
				);
				GCC_PREFIX_HEADER = Demo_Prefix.pch;
				INFOPLIST_FILE = demo/Info.plist;
				IPHONEOS_DEPLOYMENT_TARGET = 10.0;
				LD_RUNPATH_SEARCH_PATHS = (
					"$(PROJECT_DIR)",
					"$(inherited)",
					"@executable_path/Frameworks",
					"@loader_path/Frameworks",
					/usr/lib/swift,
				);
				LIBRARY_SEARCH_PATHS = (
					"$(inherited)",
					"$(PROJECT_DIR)/demo/Libs",
				);
				OTHER_LDFLAGS = (
					"$(inherited)",
					"-ObjC",
					"-l\"bz2\"",
					"-l\"c++\"",
					"-l\"iconv\"",
					"-l\"icucore\"",
					"-l\"resolv\"",
					"-l\"xml2\"",
					"-l\"z\"",
					"-framework",
					"\"CoreBluetooth\"",
					"-framework",
					"\"CoreGraphics\"",
					"-framework",
					"\"Foundation\"",
					"-framework",
					"\"Security\"",
					"-framework",
					"\"UIKit\"",
					"-framework",
					"\"WebKit\"",
				);
				PRODUCT_BUNDLE_IDENTIFIER = "com.tencent.devtoolssaaademo.db";
				PRODUCT_NAME = "$(TARGET_NAME)";
				PROVISIONING_PROFILE_SPECIFIER = "";
				TARGETED_DEVICE_FAMILY = "1,2";
				VALIDATE_WORKSPACE = YES;
				VALID_ARCHS = "arm64 x86_64";
			};
			name = Release;
		};
/* End XCBuildConfiguration section */

/* Begin XCConfigurationList section */
		3353654B241A5B3E00EA1FD1 /* Build configuration list for PBXProject "demo" */ = {
			isa = XCConfigurationList;
			buildConfigurations = (
				3353657D241A5B3F00EA1FD1 /* Debug */,
				3353657E241A5B3F00EA1FD1 /* Release */,
			);
			defaultConfigurationIsVisible = 0;
			defaultConfigurationName = Release;
		};
		3353657F241A5B3F00EA1FD1 /* Build configuration list for PBXNativeTarget "demo" */ = {
			isa = XCConfigurationList;
			buildConfigurations = (
				33536580241A5B3F00EA1FD1 /* Debug */,
				33536581241A5B3F00EA1FD1 /* Release */,
			);
			defaultConfigurationIsVisible = 0;
			defaultConfigurationName = Release;
		};
/* End XCConfigurationList section */
	};
	rootObject = 33536548241A5B3E00EA1FD1 /* Project object */;
}
